// !$*UTF8*$!
{
	archiveVersion = 1;
	classes = {
	};
	objectVersion = 56;
	objects = {

/* Begin PBXBuildFile section */
		152B0CCA2BF214F70021D803 /* MessageHandler.swift in Sources */ = {isa = PBXBuildFile; fileRef = 152B0CC92BF214F70021D803 /* MessageHandler.swift */; };
		1568963B2BE123A1003D709A /* WebViewProvider.swift in Sources */ = {isa = PBXBuildFile; fileRef = 1568963A2BE123A1003D709A /* WebViewProvider.swift */; };
		15B08D812BDF997100FA144D /* TestSDK.docc in Sources */ = {isa = PBXBuildFile; fileRef = 15B08D802BDF997100FA144D /* TestSDK.docc */; };
		15B08D872BDF997200FA144D /* TestSDK.framework in Frameworks */ = {isa = PBXBuildFile; fileRef = 15B08D7C2BDF997100FA144D /* TestSDK.framework */; };
		15B08D8C2BDF997200FA144D /* TestSDKTests.swift in Sources */ = {isa = PBXBuildFile; fileRef = 15B08D8B2BDF997200FA144D /* TestSDKTests.swift */; };
		15B08D8D2BDF997200FA144D /* TestSDK.h in Headers */ = {isa = PBXBuildFile; fileRef = 15B08D7F2BDF997100FA144D /* TestSDK.h */; settings = {ATTRIBUTES = (Public, ); }; };
/* End PBXBuildFile section */

/* Begin PBXContainerItemProxy section */
		15B08D882BDF997200FA144D /* PBXContainerItemProxy */ = {
			isa = PBXContainerItemProxy;
			containerPortal = 15B08D732BDF997000FA144D /* Project object */;
			proxyType = 1;
			remoteGlobalIDString = 15B08D7B2BDF997100FA144D;
			remoteInfo = TestSDK;
		};
/* End PBXContainerItemProxy section */

/* Begin PBXFileReference section */
		152B0CC92BF214F70021D803 /* MessageHandler.swift */ = {isa = PBXFileReference; lastKnownFileType = sourcecode.swift; path = MessageHandler.swift; sourceTree = "<group>"; };
		1568963A2BE123A1003D709A /* WebViewProvider.swift */ = {isa = PBXFileReference; lastKnownFileType = sourcecode.swift; path = WebViewProvider.swift; sourceTree = "<group>"; };
		15B08D7C2BDF997100FA144D /* TestSDK.framework */ = {isa = PBXFileReference; explicitFileType = wrapper.framework; includeInIndex = 0; path = TestSDK.framework; sourceTree = BUILT_PRODUCTS_DIR; };
		15B08D7F2BDF997100FA144D /* TestSDK.h */ = {isa = PBXFileReference; lastKnownFileType = sourcecode.c.h; path = TestSDK.h; sourceTree = "<group>"; };
		15B08D802BDF997100FA144D /* TestSDK.docc */ = {isa = PBXFileReference; lastKnownFileType = folder.documentationcatalog; path = TestSDK.docc; sourceTree = "<group>"; };
		15B08D862BDF997200FA144D /* TestSDKTests.xctest */ = {isa = PBXFileReference; explicitFileType = wrapper.cfbundle; includeInIndex = 0; path = TestSDKTests.xctest; sourceTree = BUILT_PRODUCTS_DIR; };
		15B08D8B2BDF997200FA144D /* TestSDKTests.swift */ = {isa = PBXFileReference; lastKnownFileType = sourcecode.swift; path = TestSDKTests.swift; sourceTree = "<group>"; };
/* End PBXFileReference section */

/* Begin PBXFrameworksBuildPhase section */
		15B08D792BDF997100FA144D /* Frameworks */ = {
			isa = PBXFrameworksBuildPhase;
			buildActionMask = 2147483647;
			files = (
			);
			runOnlyForDeploymentPostprocessing = 0;
		};
		15B08D832BDF997200FA144D /* Frameworks */ = {
			isa = PBXFrameworksBuildPhase;
			buildActionMask = 2147483647;
			files = (
				15B08D872BDF997200FA144D /* TestSDK.framework in Frameworks */,
			);
			runOnlyForDeploymentPostprocessing = 0;
		};
/* End PBXFrameworksBuildPhase section */

/* Begin PBXGroup section */
		15B08D722BDF997000FA144D = {
			isa = PBXGroup;
			children = (
				15B08D7E2BDF997100FA144D /* TestSDK */,
				15B08D8A2BDF997200FA144D /* TestSDKTests */,
				15B08D7D2BDF997100FA144D /* Products */,
			);
			sourceTree = "<group>";
		};
		15B08D7D2BDF997100FA144D /* Products */ = {
			isa = PBXGroup;
			children = (
				15B08D7C2BDF997100FA144D /* TestSDK.framework */,
				15B08D862BDF997200FA144D /* TestSDKTests.xctest */,
			);
			name = Products;
			sourceTree = "<group>";
		};
		15B08D7E2BDF997100FA144D /* TestSDK */ = {
			isa = PBXGroup;
			children = (
				15B08D7F2BDF997100FA144D /* TestSDK.h */,
				15B08D802BDF997100FA144D /* TestSDK.docc */,
				1568963A2BE123A1003D709A /* WebViewProvider.swift */,
				152B0CC92BF214F70021D803 /* MessageHandler.swift */,
			);
			path = TestSDK;
			sourceTree = "<group>";
		};
		15B08D8A2BDF997200FA144D /* TestSDKTests */ = {
			isa = PBXGroup;
			children = (
				15B08D8B2BDF997200FA144D /* TestSDKTests.swift */,
			);
			path = TestSDKTests;
			sourceTree = "<group>";
		};
/* End PBXGroup section */

/* Begin PBXHeadersBuildPhase section */
		15B08D772BDF997100FA144D /* Headers */ = {
			isa = PBXHeadersBuildPhase;
			buildActionMask = 2147483647;
			files = (
				15B08D8D2BDF997200FA144D /* TestSDK.h in Headers */,
			);
			runOnlyForDeploymentPostprocessing = 0;
		};
/* End PBXHeadersBuildPhase section */

/* Begin PBXNativeTarget section */
		15B08D7B2BDF997100FA144D /* TestSDK */ = {
			isa = PBXNativeTarget;
			buildConfigurationList = 15B08D902BDF997200FA144D /* Build configuration list for PBXNativeTarget "TestSDK" */;
			buildPhases = (
				15B08D772BDF997100FA144D /* Headers */,
				15B08D782BDF997100FA144D /* Sources */,
				15B08D792BDF997100FA144D /* Frameworks */,
				15B08D7A2BDF997100FA144D /* Resources */,
			);
			buildRules = (
			);
			dependencies = (
			);
			name = TestSDK;
			productName = TestSDK;
			productReference = 15B08D7C2BDF997100FA144D /* TestSDK.framework */;
			productType = "com.apple.product-type.framework";
		};
		15B08D852BDF997200FA144D /* TestSDKTests */ = {
			isa = PBXNativeTarget;
			buildConfigurationList = 15B08D932BDF997200FA144D /* Build configuration list for PBXNativeTarget "TestSDKTests" */;
			buildPhases = (
				15B08D822BDF997200FA144D /* Sources */,
				15B08D832BDF997200FA144D /* Frameworks */,
				15B08D842BDF997200FA144D /* Resources */,
			);
			buildRules = (
			);
			dependencies = (
				15B08D892BDF997200FA144D /* PBXTargetDependency */,
			);
			name = TestSDKTests;
			productName = TestSDKTests;
			productReference = 15B08D862BDF997200FA144D /* TestSDKTests.xctest */;
			productType = "com.apple.product-type.bundle.unit-test";
		};
/* End PBXNativeTarget section */

/* Begin PBXProject section */
		15B08D732BDF997000FA144D /* Project object */ = {
			isa = PBXProject;
			attributes = {
				BuildIndependentTargetsInParallel = 1;
				LastSwiftUpdateCheck = 1420;
				LastUpgradeCheck = 1420;
				TargetAttributes = {
					15B08D7B2BDF997100FA144D = {
						CreatedOnToolsVersion = 14.2;
					};
					15B08D852BDF997200FA144D = {
						CreatedOnToolsVersion = 14.2;
					};
				};
			};
			buildConfigurationList = 15B08D762BDF997000FA144D /* Build configuration list for PBXProject "TestSDK" */;
			compatibilityVersion = "Xcode 14.0";
			developmentRegion = en;
			hasScannedForEncodings = 0;
			knownRegions = (
				en,
				Base,
			);
			mainGroup = 15B08D722BDF997000FA144D;
			productRefGroup = 15B08D7D2BDF997100FA144D /* Products */;
			projectDirPath = "";
			projectRoot = "";
			targets = (
				15B08D7B2BDF997100FA144D /* TestSDK */,
				15B08D852BDF997200FA144D /* TestSDKTests */,
			);
		};
/* End PBXProject section */

/* Begin PBXResourcesBuildPhase section */
		15B08D7A2BDF997100FA144D /* Resources */ = {
			isa = PBXResourcesBuildPhase;
			buildActionMask = 2147483647;
			files = (
			);
			runOnlyForDeploymentPostprocessing = 0;
		};
		15B08D842BDF997200FA144D /* Resources */ = {
			isa = PBXResourcesBuildPhase;
			buildActionMask = 2147483647;
			files = (
			);
			runOnlyForDeploymentPostprocessing = 0;
		};
/* End PBXResourcesBuildPhase section */

/* Begin PBXSourcesBuildPhase section */
		15B08D782BDF997100FA144D /* Sources */ = {
			isa = PBXSourcesBuildPhase;
			buildActionMask = 2147483647;
			files = (
				1568963B2BE123A1003D709A /* WebViewProvider.swift in Sources */,
				152B0CCA2BF214F70021D803 /* MessageHandler.swift in Sources */,
				15B08D812BDF997100FA144D /* TestSDK.docc in Sources */,
			);
			runOnlyForDeploymentPostprocessing = 0;
		};
		15B08D822BDF997200FA144D /* Sources */ = {
			isa = PBXSourcesBuildPhase;
			buildActionMask = 2147483647;
			files = (
				15B08D8C2BDF997200FA144D /* TestSDKTests.swift in Sources */,
			);
			runOnlyForDeploymentPostprocessing = 0;
		};
/* End PBXSourcesBuildPhase section */

/* Begin PBXTargetDependency section */
		15B08D892BDF997200FA144D /* PBXTargetDependency */ = {
			isa = PBXTargetDependency;
			target = 15B08D7B2BDF997100FA144D /* TestSDK */;
			targetProxy = 15B08D882BDF997200FA144D /* PBXContainerItemProxy */;
		};
/* End PBXTargetDependency section */

/* Begin XCBuildConfiguration section */
		15B08D8E2BDF997200FA144D /* Debug */ = {
			isa = XCBuildConfiguration;
			buildSettings = {
				ALWAYS_SEARCH_USER_PATHS = NO;
				CLANG_ANALYZER_NONNULL = YES;
				CLANG_ANALYZER_NUMBER_OBJECT_CONVERSION = YES_AGGRESSIVE;
				CLANG_CXX_LANGUAGE_STANDARD = "gnu++20";
				CLANG_ENABLE_MODULES = YES;
				CLANG_ENABLE_OBJC_ARC = YES;
				CLANG_ENABLE_OBJC_WEAK = YES;
				CLANG_WARN_BLOCK_CAPTURE_AUTORELEASING = YES;
				CLANG_WARN_BOOL_CONVERSION = YES;
				CLANG_WARN_COMMA = YES;
				CLANG_WARN_CONSTANT_CONVERSION = YES;
				CLANG_WARN_DEPRECATED_OBJC_IMPLEMENTATIONS = YES;
				CLANG_WARN_DIRECT_OBJC_ISA_USAGE = YES_ERROR;
				CLANG_WARN_DOCUMENTATION_COMMENTS = YES;
				CLANG_WARN_EMPTY_BODY = YES;
				CLANG_WARN_ENUM_CONVERSION = YES;
				CLANG_WARN_INFINITE_RECURSION = YES;
				CLANG_WARN_INT_CONVERSION = YES;
				CLANG_WARN_NON_LITERAL_NULL_CONVERSION = YES;
				CLANG_WARN_OBJC_IMPLICIT_RETAIN_SELF = YES;
				CLANG_WARN_OBJC_LITERAL_CONVERSION = YES;
				CLANG_WARN_OBJC_ROOT_CLASS = YES_ERROR;
				CLANG_WARN_QUOTED_INCLUDE_IN_FRAMEWORK_HEADER = YES;
				CLANG_WARN_RANGE_LOOP_ANALYSIS = YES;
				CLANG_WARN_STRICT_PROTOTYPES = YES;
				CLANG_WARN_SUSPICIOUS_MOVE = YES;
				CLANG_WARN_UNGUARDED_AVAILABILITY = YES_AGGRESSIVE;
				CLANG_WARN_UNREACHABLE_CODE = YES;
				CLANG_WARN__DUPLICATE_METHOD_MATCH = YES;
				COPY_PHASE_STRIP = NO;
				CURRENT_PROJECT_VERSION = 1;
				DEBUG_INFORMATION_FORMAT = dwarf;
				ENABLE_STRICT_OBJC_MSGSEND = YES;
				ENABLE_TESTABILITY = YES;
				GCC_C_LANGUAGE_STANDARD = gnu11;
				GCC_DYNAMIC_NO_PIC = NO;
				GCC_NO_COMMON_BLOCKS = YES;
				GCC_OPTIMIZATION_LEVEL = 0;
				GCC_PREPROCESSOR_DEFINITIONS = (
					"DEBUG=1",
					"$(inherited)",
				);
				GCC_WARN_64_TO_32_BIT_CONVERSION = YES;
				GCC_WARN_ABOUT_RETURN_TYPE = YES_ERROR;
				GCC_WARN_UNDECLARED_SELECTOR = YES;
				GCC_WARN_UNINITIALIZED_AUTOS = YES_AGGRESSIVE;
				GCC_WARN_UNUSED_FUNCTION = YES;
				GCC_WARN_UNUSED_VARIABLE = YES;
				IPHONEOS_DEPLOYMENT_TARGET = 16.2;
				MTL_ENABLE_DEBUG_INFO = INCLUDE_SOURCE;
				MTL_FAST_MATH = YES;
				ONLY_ACTIVE_ARCH = YES;
				SDKROOT = iphoneos;
				SWIFT_ACTIVE_COMPILATION_CONDITIONS = DEBUG;
				SWIFT_OPTIMIZATION_LEVEL = "-Onone";
				VERSIONING_SYSTEM = "apple-generic";
				VERSION_INFO_PREFIX = "";
			};
			name = Debug;
		};
		15B08D8F2BDF997200FA144D /* Release */ = {
			isa = XCBuildConfiguration;
			buildSettings = {
				ALWAYS_SEARCH_USER_PATHS = NO;
				CLANG_ANALYZER_NONNULL = YES;
				CLANG_ANALYZER_NUMBER_OBJECT_CONVERSION = YES_AGGRESSIVE;
				CLANG_CXX_LANGUAGE_STANDARD = "gnu++20";
				CLANG_ENABLE_MODULES = YES;
				CLANG_ENABLE_OBJC_ARC = YES;
				CLANG_ENABLE_OBJC_WEAK = YES;
				CLANG_WARN_BLOCK_CAPTURE_AUTORELEASING = YES;
				CLANG_WARN_BOOL_CONVERSION = YES;
				CLANG_WARN_COMMA = YES;
				CLANG_WARN_CONSTANT_CONVERSION = YES;
				CLANG_WARN_DEPRECATED_OBJC_IMPLEMENTATIONS = YES;
				CLANG_WARN_DIRECT_OBJC_ISA_USAGE = YES_ERROR;
				CLANG_WARN_DOCUMENTATION_COMMENTS = YES;
				CLANG_WARN_EMPTY_BODY = YES;
				CLANG_WARN_ENUM_CONVERSION = YES;
				CLANG_WARN_INFINITE_RECURSION = YES;
				CLANG_WARN_INT_CONVERSION = YES;
				CLANG_WARN_NON_LITERAL_NULL_CONVERSION = YES;
				CLANG_WARN_OBJC_IMPLICIT_RETAIN_SELF = YES;
				CLANG_WARN_OBJC_LITERAL_CONVERSION = YES;
				CLANG_WARN_OBJC_ROOT_CLASS = YES_ERROR;
				CLANG_WARN_QUOTED_INCLUDE_IN_FRAMEWORK_HEADER = YES;
				CLANG_WARN_RANGE_LOOP_ANALYSIS = YES;
				CLANG_WARN_STRICT_PROTOTYPES = YES;
				CLANG_WARN_SUSPICIOUS_MOVE = YES;
				CLANG_WARN_UNGUARDED_AVAILABILITY = YES_AGGRESSIVE;
				CLANG_WARN_UNREACHABLE_CODE = YES;
				CLANG_WARN__DUPLICATE_METHOD_MATCH = YES;
				COPY_PHASE_STRIP = NO;
				CURRENT_PROJECT_VERSION = 1;
				DEBUG_INFORMATION_FORMAT = "dwarf-with-dsym";
				ENABLE_NS_ASSERTIONS = NO;
				ENABLE_STRICT_OBJC_MSGSEND = YES;
				GCC_C_LANGUAGE_STANDARD = gnu11;
				GCC_NO_COMMON_BLOCKS = YES;
				GCC_WARN_64_TO_32_BIT_CONVERSION = YES;
				GCC_WARN_ABOUT_RETURN_TYPE = YES_ERROR;
				GCC_WARN_UNDECLARED_SELECTOR = YES;
				GCC_WARN_UNINITIALIZED_AUTOS = YES_AGGRESSIVE;
				GCC_WARN_UNUSED_FUNCTION = YES;
				GCC_WARN_UNUSED_VARIABLE = YES;
				IPHONEOS_DEPLOYMENT_TARGET = 16.2;
				MTL_ENABLE_DEBUG_INFO = NO;
				MTL_FAST_MATH = YES;
				SDKROOT = iphoneos;
				SWIFT_COMPILATION_MODE = wholemodule;
				SWIFT_OPTIMIZATION_LEVEL = "-O";
				VALIDATE_PRODUCT = YES;
				VERSIONING_SYSTEM = "apple-generic";
				VERSION_INFO_PREFIX = "";
			};
			name = Release;
		};
		15B08D912BDF997200FA144D /* Debug */ = {
			isa = XCBuildConfiguration;
			buildSettings = {
				CODE_SIGN_STYLE = Automatic;
				CURRENT_PROJECT_VERSION = 1;
				DEFINES_MODULE = YES;
				DYLIB_COMPATIBILITY_VERSION = 1;
				DYLIB_CURRENT_VERSION = 1;
				DYLIB_INSTALL_NAME_BASE = "@rpath";
				GENERATE_INFOPLIST_FILE = YES;
				INFOPLIST_KEY_NSHumanReadableCopyright = "";
				INSTALL_PATH = "$(LOCAL_LIBRARY_DIR)/Frameworks";
				IPHONEOS_DEPLOYMENT_TARGET = 12.0;
				LD_RUNPATH_SEARCH_PATHS = (
					"$(inherited)",
					"@executable_path/Frameworks",
					"@loader_path/Frameworks",
				);
				MARKETING_VERSION = 1.0;
				PRODUCT_BUNDLE_IDENTIFIER = kz.smartex.TestSDK;
				PRODUCT_NAME = "$(TARGET_NAME:c99extidentifier)";
				SKIP_INSTALL = YES;
				SWIFT_EMIT_LOC_STRINGS = YES;
				SWIFT_VERSION = 5.0;
				TARGETED_DEVICE_FAMILY = "1,2";
			};
			name = Debug;
		};
		15B08D922BDF997200FA144D /* Release */ = {
			isa = XCBuildConfiguration;
			buildSettings = {
				CODE_SIGN_STYLE = Automatic;
				CURRENT_PROJECT_VERSION = 1;
				DEFINES_MODULE = YES;
				DYLIB_COMPATIBILITY_VERSION = 1;
				DYLIB_CURRENT_VERSION = 1;
				DYLIB_INSTALL_NAME_BASE = "@rpath";
				GENERATE_INFOPLIST_FILE = YES;
				INFOPLIST_KEY_NSHumanReadableCopyright = "";
				INSTALL_PATH = "$(LOCAL_LIBRARY_DIR)/Frameworks";
				IPHONEOS_DEPLOYMENT_TARGET = 12.0;
				LD_RUNPATH_SEARCH_PATHS = (
					"$(inherited)",
					"@executable_path/Frameworks",
					"@loader_path/Frameworks",
				);
				MARKETING_VERSION = 1.0;
				PRODUCT_BUNDLE_IDENTIFIER = kz.smartex.TestSDK;
				PRODUCT_NAME = "$(TARGET_NAME:c99extidentifier)";
				SKIP_INSTALL = YES;
				SWIFT_EMIT_LOC_STRINGS = YES;
				SWIFT_VERSION = 5.0;
				TARGETED_DEVICE_FAMILY = "1,2";
			};
			name = Release;
		};
		15B08D942BDF997200FA144D /* Debug */ = {
			isa = XCBuildConfiguration;
			buildSettings = {
				ALWAYS_EMBED_SWIFT_STANDARD_LIBRARIES = YES;
				CODE_SIGN_STYLE = Automatic;
				CURRENT_PROJECT_VERSION = 1;
				GENERATE_INFOPLIST_FILE = YES;
				MARKETING_VERSION = 1.0;
				PRODUCT_BUNDLE_IDENTIFIER = kz.smartex.TestSDKTests;
				PRODUCT_NAME = "$(TARGET_NAME)";
				SWIFT_EMIT_LOC_STRINGS = NO;
				SWIFT_VERSION = 5.0;
				TARGETED_DEVICE_FAMILY = "1,2";
			};
			name = Debug;
		};
		15B08D952BDF997200FA144D /* Release */ = {
			isa = XCBuildConfiguration;
			buildSettings = {
				ALWAYS_EMBED_SWIFT_STANDARD_LIBRARIES = YES;
				CODE_SIGN_STYLE = Automatic;
				CURRENT_PROJECT_VERSION = 1;
				GENERATE_INFOPLIST_FILE = YES;
				MARKETING_VERSION = 1.0;
				PRODUCT_BUNDLE_IDENTIFIER = kz.smartex.TestSDKTests;
				PRODUCT_NAME = "$(TARGET_NAME)";
				SWIFT_EMIT_LOC_STRINGS = NO;
				SWIFT_VERSION = 5.0;
				TARGETED_DEVICE_FAMILY = "1,2";
			};
			name = Release;
		};
/* End XCBuildConfiguration section */

/* Begin XCConfigurationList section */
		15B08D762BDF997000FA144D /* Build configuration list for PBXProject "TestSDK" */ = {
			isa = XCConfigurationList;
			buildConfigurations = (
				15B08D8E2BDF997200FA144D /* Debug */,
				15B08D8F2BDF997200FA144D /* Release */,
			);
			defaultConfigurationIsVisible = 0;
			defaultConfigurationName = Release;
		};
		15B08D902BDF997200FA144D /* Build configuration list for PBXNativeTarget "TestSDK" */ = {
			isa = XCConfigurationList;
			buildConfigurations = (
				15B08D912BDF997200FA144D /* Debug */,
				15B08D922BDF997200FA144D /* Release */,
			);
			defaultConfigurationIsVisible = 0;
			defaultConfigurationName = Release;
		};
		15B08D932BDF997200FA144D /* Build configuration list for PBXNativeTarget "TestSDKTests" */ = {
			isa = XCConfigurationList;
			buildConfigurations = (
				15B08D942BDF997200FA144D /* Debug */,
				15B08D952BDF997200FA144D /* Release */,
			);
			defaultConfigurationIsVisible = 0;
			defaultConfigurationName = Release;
		};
/* End XCConfigurationList section */
	};
	rootObject = 15B08D732BDF997000FA144D /* Project object */;
}
